
Microsoft Visual Studio Solution File, Format Version 12.00
# Visual Studio Version 16
VisualStudioVersion = 16.0.28917.181
MinimumVisualStudioVersion = 10.0.40219.1
Project("{FAE04EC0-301F-11D3-BF4B-00C04F79EFBC}") = "Bunker Media Player", "Bunker Media Player\Bunker Media Player.csproj", "{E416B2F2-5603-4BB9-8427-D4C991F75AC5}"
EndProject
Project("{54435603-DBB4-11D2-8724-00A0C9A8B90C}") = "Setup1", "Setup1\Setup1.vdproj", "{79BC96A4-78C4-4738-A3FD-43BEBD82E26D}"
EndProject
Global
	GlobalSection(SolutionConfigurationPlatforms) = preSolution
		Debug|Any CPU = Debug|Any CPU
		Release|Any CPU = Release|Any CPU
	EndGlobalSection
	GlobalSection(ProjectConfigurationPlatforms) = postSolution
		{E416B2F2-5603-4BB9-8427-D4C991F75AC5}.Debug|Any CPU.ActiveCfg = Debug|Any CPU
		{E416B2F2-5603-4BB9-8427-D4C991F75AC5}.Debug|Any CPU.Build.0 = Debug|Any CPU
		{E416B2F2-5603-4BB9-8427-D4C991F75AC5}.Release|Any CPU.ActiveCfg = Debug|Any CPU
		{E416B2F2-5603-4BB9-8427-D4C991F75AC5}.Release|Any CPU.Build.0 = Debug|Any CPU
		{79BC96A4-78C4-4738-A3FD-43BEBD82E26D}.Debug|Any CPU.ActiveCfg = Debug
		{79BC96A4-78C4-4738-A3FD-43BEBD82E26D}.Release|Any CPU.ActiveCfg = Release
	EndGlobalSection
	GlobalSection(SolutionProperties) = preSolution
		HideSolutionNode = FALSE
	EndGlobalSection
	GlobalSection(ExtensibilityGlobals) = postSolution
		SolutionGuid = {4D3AE020-9164-4F00-9D4E-501EAA56C7A6}
	EndGlobalSection
EndGlobal
